
Microsoft Visual Studio Solution File, Format Version 12.00
# Visual Studio Version 16
VisualStudioVersion = 16.0.30406.217
MinimumVisualStudioVersion = 10.0.40219.1
Project("{FAE04EC0-301F-11D3-BF4B-00C04F79EFBC}") = "EX.CORE.API", "EX.CORE.API\EX.CORE.API.csproj", "{601C589A-20C3-4048-996C-ACD3AA4B3287}"
EndProject
Project("{FAE04EC0-301F-11D3-BF4B-00C04F79EFBC}") = "EX.SignalR", "EX.SignalR\EX.SignalR.csproj", "{8DFCF9DD-0F66-47B6-9182-2EA38B200368}"
EndProject
Project("{2150E333-8FDC-42A3-9474-1A3956D46DE8}") = "API", "API", "{E61BB96D-2E31-4C4E-8CC3-8A4C62329E49}"
EndProject
Project("{2150E333-8FDC-42A3-9474-1A3956D46DE8}") = "LOGIC", "LOGIC", "{D3281DB3-19EA-45DB-AB47-ADA53B7367CC}"
EndProject
Project("{2150E333-8FDC-42A3-9474-1A3956D46DE8}") = "SVC", "SVC", "{92235412-7B91-4A1B-9CE0-915DDA2BDCC8}"
EndProject
Project("{2150E333-8FDC-42A3-9474-1A3956D46DE8}") = "DTO", "DTO", "{72F70B3E-4D63-4C05-81CF-EE8AFFB0C351}"
EndProject
Project("{2150E333-8FDC-42A3-9474-1A3956D46DE8}") = "INTERFACES", "INTERFACES", "{7269216C-39F6-4067-B6BB-B6273038880A}"
EndProject
Project("{FAE04EC0-301F-11D3-BF4B-00C04F79EFBC}") = "EX.LOGIC", "EX.LOGIC\EX.LOGIC.csproj", "{9C7E2F2A-4869-41A1-98DF-80E1A29BB631}"
EndProject
Project("{FAE04EC0-301F-11D3-BF4B-00C04F79EFBC}") = "EX.Interfaces", "EX.Interfaces\EX.Interfaces.csproj", "{C6A3370D-1E47-461E-9054-7A17BAB710F5}"
EndProject
Project("{FAE04EC0-301F-11D3-BF4B-00C04F79EFBC}") = "EX.DTO", "EX.DTO\EX.DTO.csproj", "{E8123679-1ECC-48AC-AA83-E4AED5466695}"
EndProject
Global
	GlobalSection(SolutionConfigurationPlatforms) = preSolution
		Debug|Any CPU = Debug|Any CPU
		Release|Any CPU = Release|Any CPU
	EndGlobalSection
	GlobalSection(ProjectConfigurationPlatforms) = postSolution
		{601C589A-20C3-4048-996C-ACD3AA4B3287}.Debug|Any CPU.ActiveCfg = Debug|Any CPU
		{601C589A-20C3-4048-996C-ACD3AA4B3287}.Debug|Any CPU.Build.0 = Debug|Any CPU
		{601C589A-20C3-4048-996C-ACD3AA4B3287}.Release|Any CPU.ActiveCfg = Release|Any CPU
		{601C589A-20C3-4048-996C-ACD3AA4B3287}.Release|Any CPU.Build.0 = Release|Any CPU
		{8DFCF9DD-0F66-47B6-9182-2EA38B200368}.Debug|Any CPU.ActiveCfg = Debug|Any CPU
		{8DFCF9DD-0F66-47B6-9182-2EA38B200368}.Debug|Any CPU.Build.0 = Debug|Any CPU
		{8DFCF9DD-0F66-47B6-9182-2EA38B200368}.Release|Any CPU.ActiveCfg = Release|Any CPU
		{8DFCF9DD-0F66-47B6-9182-2EA38B200368}.Release|Any CPU.Build.0 = Release|Any CPU
		{9C7E2F2A-4869-41A1-98DF-80E1A29BB631}.Debug|Any CPU.ActiveCfg = Debug|Any CPU
		{9C7E2F2A-4869-41A1-98DF-80E1A29BB631}.Debug|Any CPU.Build.0 = Debug|Any CPU
		{9C7E2F2A-4869-41A1-98DF-80E1A29BB631}.Release|Any CPU.ActiveCfg = Release|Any CPU
		{9C7E2F2A-4869-41A1-98DF-80E1A29BB631}.Release|Any CPU.Build.0 = Release|Any CPU
		{C6A3370D-1E47-461E-9054-7A17BAB710F5}.Debug|Any CPU.ActiveCfg = Debug|Any CPU
		{C6A3370D-1E47-461E-9054-7A17BAB710F5}.Debug|Any CPU.Build.0 = Debug|Any CPU
		{C6A3370D-1E47-461E-9054-7A17BAB710F5}.Release|Any CPU.ActiveCfg = Release|Any CPU
		{C6A3370D-1E47-461E-9054-7A17BAB710F5}.Release|Any CPU.Build.0 = Release|Any CPU
		{E8123679-1ECC-48AC-AA83-E4AED5466695}.Debug|Any CPU.ActiveCfg = Debug|Any CPU
		{E8123679-1ECC-48AC-AA83-E4AED5466695}.Debug|Any CPU.Build.0 = Debug|Any CPU
		{E8123679-1ECC-48AC-AA83-E4AED5466695}.Release|Any CPU.ActiveCfg = Release|Any CPU
		{E8123679-1ECC-48AC-AA83-E4AED5466695}.Release|Any CPU.Build.0 = Release|Any CPU
	EndGlobalSection
	GlobalSection(SolutionProperties) = preSolution
		HideSolutionNode = FALSE
	EndGlobalSection
	GlobalSection(NestedProjects) = preSolution
		{601C589A-20C3-4048-996C-ACD3AA4B3287} = {E61BB96D-2E31-4C4E-8CC3-8A4C62329E49}
		{8DFCF9DD-0F66-47B6-9182-2EA38B200368} = {92235412-7B91-4A1B-9CE0-915DDA2BDCC8}
		{9C7E2F2A-4869-41A1-98DF-80E1A29BB631} = {D3281DB3-19EA-45DB-AB47-ADA53B7367CC}
		{C6A3370D-1E47-461E-9054-7A17BAB710F5} = {7269216C-39F6-4067-B6BB-B6273038880A}
		{E8123679-1ECC-48AC-AA83-E4AED5466695} = {72F70B3E-4D63-4C05-81CF-EE8AFFB0C351}
	EndGlobalSection
	GlobalSection(ExtensibilityGlobals) = postSolution
		SolutionGuid = {1B932E2B-BFB8-4A4B-B011-CD6460E21C51}
	EndGlobalSection
EndGlobal
