
Microsoft Visual Studio Solution File, Format Version 12.00
# Visual Studio Version 16
VisualStudioVersion = 16.0.30907.101
MinimumVisualStudioVersion = 10.0.40219.1
Project("{9A19103F-16F7-4668-BE54-9A1E7A4F7556}") = "EX.WEB.API", "EX.WEB.API\EX.WEB.API.csproj", "{8BE04383-B0D2-458A-B2C4-2780E965AE9F}"
EndProject
Project("{2150E333-8FDC-42A3-9474-1A3956D46DE8}") = "Models", "Models", "{0EF748FC-851D-4EBE-98A0-D5E04C1FD2F8}"
EndProject
Project("{9A19103F-16F7-4668-BE54-9A1E7A4F7556}") = "EX.DTO.Model", "EX.DTO.Model\EX.DTO.Model.csproj", "{51D4EB3D-5410-4933-9C7A-B8F7809C9F31}"
EndProject
Project("{2150E333-8FDC-42A3-9474-1A3956D46DE8}") = "Solution Items", "Solution Items", "{CED29FA8-A6F6-449C-B756-7724150FD2C4}"
	ProjectSection(SolutionItems) = preProject
		.editorconfig = .editorconfig
		.gitignore = .gitignore
	EndProjectSection
EndProject
Project("{2150E333-8FDC-42A3-9474-1A3956D46DE8}") = "Helpers", "Helpers", "{A665A1BC-D730-49C1-AD0D-98CBA7B62A69}"
EndProject
Project("{9A19103F-16F7-4668-BE54-9A1E7A4F7556}") = "EX.Extensions", "EX.Extensions\EX.Extensions.csproj", "{4873D38A-45CC-477F-AB33-C29833115A83}"
EndProject
Project("{9A19103F-16F7-4668-BE54-9A1E7A4F7556}") = "EX.Mapper.Profiles", "EX.Mapper.Profiles\EX.Mapper.Profiles.csproj", "{FB4279D1-366F-4F4F-BC8E-AEB7BBF4E1C4}"
EndProject
Project("{2150E333-8FDC-42A3-9474-1A3956D46DE8}") = "Entities", "Entities", "{7F35856D-B44D-4112-B11B-3E4A8B1AD510}"
EndProject
Project("{9A19103F-16F7-4668-BE54-9A1E7A4F7556}") = "EX.Entities", "EX.Entities\EX.Entities.csproj", "{A262F52C-41F8-4A08-8883-DBE421E92459}"
EndProject
Project("{2150E333-8FDC-42A3-9474-1A3956D46DE8}") = "Repository", "Repository", "{78348583-5CAE-4DCD-A2BD-6932A7472B3F}"
EndProject
Project("{9A19103F-16F7-4668-BE54-9A1E7A4F7556}") = "EX.Repository", "EX.Repository\EX.Repository.csproj", "{692A1FB4-032E-42D3-9D55-612A09206426}"
EndProject
Project("{9A19103F-16F7-4668-BE54-9A1E7A4F7556}") = "EX.Repository.Interfaces", "EX.Repository.Interfaces\EX.Repository.Interfaces.csproj", "{D9BFB9D2-713A-419C-B21D-D69DCE49C438}"
EndProject
Project("{FAE04EC0-301F-11D3-BF4B-00C04F79EFBC}") = "EX.WEB.DAL.Mock", "EX.WEB.DAL.Mock\EX.WEB.DAL.Mock.csproj", "{2558A57E-CA5B-4DB2-A7B5-81F0FD2F7B67}"
EndProject
Project("{FAE04EC0-301F-11D3-BF4B-00C04F79EFBC}") = "EX.WEB.DAL", "EX.WEB.DAL\EX.WEB.DAL.csproj", "{3901F68C-65C1-4022-8FD9-5D9D9DAD1BDF}"
EndProject
Global
	GlobalSection(SolutionConfigurationPlatforms) = preSolution
		Debug|Any CPU = Debug|Any CPU
		Release|Any CPU = Release|Any CPU
	EndGlobalSection
	GlobalSection(ProjectConfigurationPlatforms) = postSolution
		{8BE04383-B0D2-458A-B2C4-2780E965AE9F}.Debug|Any CPU.ActiveCfg = Debug|Any CPU
		{8BE04383-B0D2-458A-B2C4-2780E965AE9F}.Debug|Any CPU.Build.0 = Debug|Any CPU
		{8BE04383-B0D2-458A-B2C4-2780E965AE9F}.Release|Any CPU.ActiveCfg = Release|Any CPU
		{8BE04383-B0D2-458A-B2C4-2780E965AE9F}.Release|Any CPU.Build.0 = Release|Any CPU
		{51D4EB3D-5410-4933-9C7A-B8F7809C9F31}.Debug|Any CPU.ActiveCfg = Debug|Any CPU
		{51D4EB3D-5410-4933-9C7A-B8F7809C9F31}.Debug|Any CPU.Build.0 = Debug|Any CPU
		{51D4EB3D-5410-4933-9C7A-B8F7809C9F31}.Release|Any CPU.ActiveCfg = Release|Any CPU
		{51D4EB3D-5410-4933-9C7A-B8F7809C9F31}.Release|Any CPU.Build.0 = Release|Any CPU
		{4873D38A-45CC-477F-AB33-C29833115A83}.Debug|Any CPU.ActiveCfg = Debug|Any CPU
		{4873D38A-45CC-477F-AB33-C29833115A83}.Debug|Any CPU.Build.0 = Debug|Any CPU
		{4873D38A-45CC-477F-AB33-C29833115A83}.Release|Any CPU.ActiveCfg = Release|Any CPU
		{4873D38A-45CC-477F-AB33-C29833115A83}.Release|Any CPU.Build.0 = Release|Any CPU
		{FB4279D1-366F-4F4F-BC8E-AEB7BBF4E1C4}.Debug|Any CPU.ActiveCfg = Debug|Any CPU
		{FB4279D1-366F-4F4F-BC8E-AEB7BBF4E1C4}.Debug|Any CPU.Build.0 = Debug|Any CPU
		{FB4279D1-366F-4F4F-BC8E-AEB7BBF4E1C4}.Release|Any CPU.ActiveCfg = Release|Any CPU
		{FB4279D1-366F-4F4F-BC8E-AEB7BBF4E1C4}.Release|Any CPU.Build.0 = Release|Any CPU
		{A262F52C-41F8-4A08-8883-DBE421E92459}.Debug|Any CPU.ActiveCfg = Debug|Any CPU
		{A262F52C-41F8-4A08-8883-DBE421E92459}.Debug|Any CPU.Build.0 = Debug|Any CPU
		{A262F52C-41F8-4A08-8883-DBE421E92459}.Release|Any CPU.ActiveCfg = Release|Any CPU
		{A262F52C-41F8-4A08-8883-DBE421E92459}.Release|Any CPU.Build.0 = Release|Any CPU
		{692A1FB4-032E-42D3-9D55-612A09206426}.Debug|Any CPU.ActiveCfg = Debug|Any CPU
		{692A1FB4-032E-42D3-9D55-612A09206426}.Debug|Any CPU.Build.0 = Debug|Any CPU
		{692A1FB4-032E-42D3-9D55-612A09206426}.Release|Any CPU.ActiveCfg = Release|Any CPU
		{692A1FB4-032E-42D3-9D55-612A09206426}.Release|Any CPU.Build.0 = Release|Any CPU
		{D9BFB9D2-713A-419C-B21D-D69DCE49C438}.Debug|Any CPU.ActiveCfg = Debug|Any CPU
		{D9BFB9D2-713A-419C-B21D-D69DCE49C438}.Debug|Any CPU.Build.0 = Debug|Any CPU
		{D9BFB9D2-713A-419C-B21D-D69DCE49C438}.Release|Any CPU.ActiveCfg = Release|Any CPU
		{D9BFB9D2-713A-419C-B21D-D69DCE49C438}.Release|Any CPU.Build.0 = Release|Any CPU
		{2558A57E-CA5B-4DB2-A7B5-81F0FD2F7B67}.Debug|Any CPU.ActiveCfg = Debug|Any CPU
		{2558A57E-CA5B-4DB2-A7B5-81F0FD2F7B67}.Debug|Any CPU.Build.0 = Debug|Any CPU
		{2558A57E-CA5B-4DB2-A7B5-81F0FD2F7B67}.Release|Any CPU.ActiveCfg = Release|Any CPU
		{2558A57E-CA5B-4DB2-A7B5-81F0FD2F7B67}.Release|Any CPU.Build.0 = Release|Any CPU
		{3901F68C-65C1-4022-8FD9-5D9D9DAD1BDF}.Debug|Any CPU.ActiveCfg = Debug|Any CPU
		{3901F68C-65C1-4022-8FD9-5D9D9DAD1BDF}.Debug|Any CPU.Build.0 = Debug|Any CPU
		{3901F68C-65C1-4022-8FD9-5D9D9DAD1BDF}.Release|Any CPU.ActiveCfg = Release|Any CPU
		{3901F68C-65C1-4022-8FD9-5D9D9DAD1BDF}.Release|Any CPU.Build.0 = Release|Any CPU
	EndGlobalSection
	GlobalSection(SolutionProperties) = preSolution
		HideSolutionNode = FALSE
	EndGlobalSection
	GlobalSection(NestedProjects) = preSolution
		{51D4EB3D-5410-4933-9C7A-B8F7809C9F31} = {0EF748FC-851D-4EBE-98A0-D5E04C1FD2F8}
		{4873D38A-45CC-477F-AB33-C29833115A83} = {A665A1BC-D730-49C1-AD0D-98CBA7B62A69}
		{FB4279D1-366F-4F4F-BC8E-AEB7BBF4E1C4} = {A665A1BC-D730-49C1-AD0D-98CBA7B62A69}
		{A262F52C-41F8-4A08-8883-DBE421E92459} = {7F35856D-B44D-4112-B11B-3E4A8B1AD510}
		{692A1FB4-032E-42D3-9D55-612A09206426} = {78348583-5CAE-4DCD-A2BD-6932A7472B3F}
		{D9BFB9D2-713A-419C-B21D-D69DCE49C438} = {78348583-5CAE-4DCD-A2BD-6932A7472B3F}
		{2558A57E-CA5B-4DB2-A7B5-81F0FD2F7B67} = {78348583-5CAE-4DCD-A2BD-6932A7472B3F}
		{3901F68C-65C1-4022-8FD9-5D9D9DAD1BDF} = {78348583-5CAE-4DCD-A2BD-6932A7472B3F}
	EndGlobalSection
	GlobalSection(ExtensibilityGlobals) = postSolution
		SolutionGuid = {7C7AFF9A-DD2D-41FC-BD36-F660D636253C}
	EndGlobalSection
EndGlobal
