
Microsoft Visual Studio Solution File, Format Version 12.00
# Visual Studio Version 16
VisualStudioVersion = 16.0.30406.217
MinimumVisualStudioVersion = 10.0.40219.1
Project("{FAE04EC0-301F-11D3-BF4B-00C04F79EFBC}") = "EX.WorkerProcessor", "EX.WorkerProcessor\EX.WorkerProcessor.csproj", "{0114F7F5-D9F6-43C5-973E-0ED39AA6A80C}"
EndProject
Global
	GlobalSection(SolutionConfigurationPlatforms) = preSolution
		Debug|Any CPU = Debug|Any CPU
		Release|Any CPU = Release|Any CPU
	EndGlobalSection
	GlobalSection(ProjectConfigurationPlatforms) = postSolution
		{0114F7F5-D9F6-43C5-973E-0ED39AA6A80C}.Debug|Any CPU.ActiveCfg = Debug|Any CPU
		{0114F7F5-D9F6-43C5-973E-0ED39AA6A80C}.Debug|Any CPU.Build.0 = Debug|Any CPU
		{0114F7F5-D9F6-43C5-973E-0ED39AA6A80C}.Release|Any CPU.ActiveCfg = Release|Any CPU
		{0114F7F5-D9F6-43C5-973E-0ED39AA6A80C}.Release|Any CPU.Build.0 = Release|Any CPU
	EndGlobalSection
	GlobalSection(SolutionProperties) = preSolution
		HideSolutionNode = FALSE
	EndGlobalSection
	GlobalSection(ExtensibilityGlobals) = postSolution
		SolutionGuid = {44B723B8-35F2-4734-B0C9-1910BF80A5ED}
	EndGlobalSection
EndGlobal
