
Microsoft Visual Studio Solution File, Format Version 12.00
# Visual Studio Version 16
VisualStudioVersion = 16.0.30406.217
MinimumVisualStudioVersion = 10.0.40219.1
Project("{FAE04EC0-301F-11D3-BF4B-00C04F79EFBC}") = "SignalR.API", "SignalR.API\SignalR.API.csproj", "{358B9E51-AB4A-4B76-80E7-38D7316425A8}"
EndProject
Project("{2150E333-8FDC-42A3-9474-1A3956D46DE8}") = "HUB", "HUB", "{25024C54-CEB2-4969-BA7F-5584C8B5BDA5}"
EndProject
Project("{2150E333-8FDC-42A3-9474-1A3956D46DE8}") = "BACKGROUND", "BACKGROUND", "{E12325DB-CE12-4EEF-8AB6-558680B72CB6}"
EndProject
Project("{2150E333-8FDC-42A3-9474-1A3956D46DE8}") = "SERVICES", "SERVICES", "{4064E5A4-1303-476F-94CC-307D3D3D5680}"
EndProject
Project("{FAE04EC0-301F-11D3-BF4B-00C04F79EFBC}") = "HUB.SignalR", "HUB.SignalR\HUB.SignalR.csproj", "{60AC8816-745F-46D2-8104-E61A88A246F3}"
EndProject
Project("{FAE04EC0-301F-11D3-BF4B-00C04F79EFBC}") = "Background.LongRunning", "Background.LongRunning\Background.LongRunning.csproj", "{71AC5D8C-4B1C-475A-AE7B-3D8538123BBD}"
EndProject
Project("{FAE04EC0-301F-11D3-BF4B-00C04F79EFBC}") = "HUB.SignalR.Interfaces", "HUB.SignalR.Interfaces\HUB.SignalR.Interfaces.csproj", "{22C6DA64-06C2-4E48-A0BB-AAF0DAF2255E}"
EndProject
Project("{FAE04EC0-301F-11D3-BF4B-00C04F79EFBC}") = "HUB.SignalR.DTO", "HUB.SignalR.DTO\HUB.SignalR.DTO.csproj", "{0CDE48E8-44EE-4770-B27F-387403B0DEA1}"
EndProject
Global
	GlobalSection(SolutionConfigurationPlatforms) = preSolution
		Debug|Any CPU = Debug|Any CPU
		Release|Any CPU = Release|Any CPU
	EndGlobalSection
	GlobalSection(ProjectConfigurationPlatforms) = postSolution
		{358B9E51-AB4A-4B76-80E7-38D7316425A8}.Debug|Any CPU.ActiveCfg = Debug|Any CPU
		{358B9E51-AB4A-4B76-80E7-38D7316425A8}.Debug|Any CPU.Build.0 = Debug|Any CPU
		{358B9E51-AB4A-4B76-80E7-38D7316425A8}.Release|Any CPU.ActiveCfg = Release|Any CPU
		{358B9E51-AB4A-4B76-80E7-38D7316425A8}.Release|Any CPU.Build.0 = Release|Any CPU
		{60AC8816-745F-46D2-8104-E61A88A246F3}.Debug|Any CPU.ActiveCfg = Debug|Any CPU
		{60AC8816-745F-46D2-8104-E61A88A246F3}.Debug|Any CPU.Build.0 = Debug|Any CPU
		{60AC8816-745F-46D2-8104-E61A88A246F3}.Release|Any CPU.ActiveCfg = Release|Any CPU
		{60AC8816-745F-46D2-8104-E61A88A246F3}.Release|Any CPU.Build.0 = Release|Any CPU
		{71AC5D8C-4B1C-475A-AE7B-3D8538123BBD}.Debug|Any CPU.ActiveCfg = Debug|Any CPU
		{71AC5D8C-4B1C-475A-AE7B-3D8538123BBD}.Debug|Any CPU.Build.0 = Debug|Any CPU
		{71AC5D8C-4B1C-475A-AE7B-3D8538123BBD}.Release|Any CPU.ActiveCfg = Release|Any CPU
		{71AC5D8C-4B1C-475A-AE7B-3D8538123BBD}.Release|Any CPU.Build.0 = Release|Any CPU
		{22C6DA64-06C2-4E48-A0BB-AAF0DAF2255E}.Debug|Any CPU.ActiveCfg = Debug|Any CPU
		{22C6DA64-06C2-4E48-A0BB-AAF0DAF2255E}.Debug|Any CPU.Build.0 = Debug|Any CPU
		{22C6DA64-06C2-4E48-A0BB-AAF0DAF2255E}.Release|Any CPU.ActiveCfg = Release|Any CPU
		{22C6DA64-06C2-4E48-A0BB-AAF0DAF2255E}.Release|Any CPU.Build.0 = Release|Any CPU
		{0CDE48E8-44EE-4770-B27F-387403B0DEA1}.Debug|Any CPU.ActiveCfg = Debug|Any CPU
		{0CDE48E8-44EE-4770-B27F-387403B0DEA1}.Debug|Any CPU.Build.0 = Debug|Any CPU
		{0CDE48E8-44EE-4770-B27F-387403B0DEA1}.Release|Any CPU.ActiveCfg = Release|Any CPU
		{0CDE48E8-44EE-4770-B27F-387403B0DEA1}.Release|Any CPU.Build.0 = Release|Any CPU
	EndGlobalSection
	GlobalSection(SolutionProperties) = preSolution
		HideSolutionNode = FALSE
	EndGlobalSection
	GlobalSection(NestedProjects) = preSolution
		{25024C54-CEB2-4969-BA7F-5584C8B5BDA5} = {4064E5A4-1303-476F-94CC-307D3D3D5680}
		{E12325DB-CE12-4EEF-8AB6-558680B72CB6} = {4064E5A4-1303-476F-94CC-307D3D3D5680}
		{60AC8816-745F-46D2-8104-E61A88A246F3} = {25024C54-CEB2-4969-BA7F-5584C8B5BDA5}
		{71AC5D8C-4B1C-475A-AE7B-3D8538123BBD} = {E12325DB-CE12-4EEF-8AB6-558680B72CB6}
		{22C6DA64-06C2-4E48-A0BB-AAF0DAF2255E} = {25024C54-CEB2-4969-BA7F-5584C8B5BDA5}
		{0CDE48E8-44EE-4770-B27F-387403B0DEA1} = {25024C54-CEB2-4969-BA7F-5584C8B5BDA5}
	EndGlobalSection
	GlobalSection(ExtensibilityGlobals) = postSolution
		SolutionGuid = {0FD20B04-623C-44CA-907C-75DD649C0A1E}
	EndGlobalSection
EndGlobal
