
Microsoft Visual Studio Solution File, Format Version 12.00
# Visual Studio Version 16
VisualStudioVersion = 16.0.31005.135
MinimumVisualStudioVersion = 10.0.40219.1
Project("{FAE04EC0-301F-11D3-BF4B-00C04F79EFBC}") = "EX.EntityFrameworkCore.API", "EX.EntityFrameworkCore.API\EX.EntityFrameworkCore.API.csproj", "{8411FFD6-71AC-4C9B-8B33-F3250FA0CDD6}"
EndProject
Project("{2150E333-8FDC-42A3-9474-1A3956D46DE8}") = "API", "API", "{F4998284-F953-47B7-BC7B-6BAD2D1A9E16}"
EndProject
Project("{2150E333-8FDC-42A3-9474-1A3956D46DE8}") = "Repository", "Repository", "{0B8ED9E3-01C9-4637-8E46-A873883453EA}"
EndProject
Project("{2150E333-8FDC-42A3-9474-1A3956D46DE8}") = "Entity", "Entity", "{59191A0C-C67C-418A-9685-F3001F11CC28}"
EndProject
Project("{2150E333-8FDC-42A3-9474-1A3956D46DE8}") = "DTO", "DTO", "{EA0B2759-22BF-4F8C-A581-0F60BA29F594}"
EndProject
Project("{2150E333-8FDC-42A3-9474-1A3956D46DE8}") = "Utilities", "Utilities", "{AA54ED41-4A71-4F98-8ADF-2E70FE7204F5}"
EndProject
Project("{FAE04EC0-301F-11D3-BF4B-00C04F79EFBC}") = "EX.EFC.Interfaces", "EX.EFC.Interfaces\EX.EFC.Interfaces.csproj", "{7B76C9C6-9E6D-48D0-881A-711655CF29C0}"
EndProject
Project("{FAE04EC0-301F-11D3-BF4B-00C04F79EFBC}") = "EX.EFC.Enums", "EX.EFC.Enums\EX.EFC.Enums.csproj", "{5C8CA980-6BDA-4611-AA7D-FCC91B6EA292}"
EndProject
Project("{FAE04EC0-301F-11D3-BF4B-00C04F79EFBC}") = "EX.EFC.MapperProfiles", "EX.EFC.MapperProfiles\EX.EFC.MapperProfiles.csproj", "{5B95C824-604C-46D6-BFB2-D185E38B9D87}"
EndProject
Project("{FAE04EC0-301F-11D3-BF4B-00C04F79EFBC}") = "EX.EFC.Constants", "EX.EFC.Constants\EX.EFC.Constants.csproj", "{1558F94E-5F6E-465E-B3DF-BE316616F200}"
EndProject
Project("{FAE04EC0-301F-11D3-BF4B-00C04F79EFBC}") = "EX.EFC.Pipeline.Extensions", "EX.EFC.Pipeline.Extensions\EX.EFC.Pipeline.Extensions.csproj", "{84561B73-8AA0-480E-B49E-55609A9E6F7A}"
EndProject
Project("{FAE04EC0-301F-11D3-BF4B-00C04F79EFBC}") = "EX.EFC.Extensions", "EX.EFC.Extensions\EX.EFC.Extensions.csproj", "{24673748-79F9-4E7E-AC51-36DDD5B7AD25}"
EndProject
Project("{2150E333-8FDC-42A3-9474-1A3956D46DE8}") = "Domain", "Domain", "{3F63B4F7-C0FF-4E7D-BA00-1135EAD35AC6}"
EndProject
Project("{FAE04EC0-301F-11D3-BF4B-00C04F79EFBC}") = "EX.EFC.Domain", "EX.EFC.Rules\EX.EFC.Domain.csproj", "{DDA28E36-408A-4576-8AB5-60A2816A3B35}"
EndProject
Project("{FAE04EC0-301F-11D3-BF4B-00C04F79EFBC}") = "EX.EFC.Models", "EX.EFC.DTOs\EX.EFC.Models.csproj", "{4964612C-B1F4-439A-9BF7-B7E925232F65}"
EndProject
Project("{FAE04EC0-301F-11D3-BF4B-00C04F79EFBC}") = "EX.EFC.Console", "EX.EFC.Console\EX.EFC.Console.csproj", "{AF0BA737-A279-47A2-880C-EF33E0EDA40E}"
EndProject
Global
	GlobalSection(SolutionConfigurationPlatforms) = preSolution
		Debug|Any CPU = Debug|Any CPU
		Release|Any CPU = Release|Any CPU
	EndGlobalSection
	GlobalSection(ProjectConfigurationPlatforms) = postSolution
		{8411FFD6-71AC-4C9B-8B33-F3250FA0CDD6}.Debug|Any CPU.ActiveCfg = Debug|Any CPU
		{8411FFD6-71AC-4C9B-8B33-F3250FA0CDD6}.Debug|Any CPU.Build.0 = Debug|Any CPU
		{8411FFD6-71AC-4C9B-8B33-F3250FA0CDD6}.Release|Any CPU.ActiveCfg = Release|Any CPU
		{8411FFD6-71AC-4C9B-8B33-F3250FA0CDD6}.Release|Any CPU.Build.0 = Release|Any CPU
		{7B76C9C6-9E6D-48D0-881A-711655CF29C0}.Debug|Any CPU.ActiveCfg = Debug|Any CPU
		{7B76C9C6-9E6D-48D0-881A-711655CF29C0}.Debug|Any CPU.Build.0 = Debug|Any CPU
		{7B76C9C6-9E6D-48D0-881A-711655CF29C0}.Release|Any CPU.ActiveCfg = Release|Any CPU
		{7B76C9C6-9E6D-48D0-881A-711655CF29C0}.Release|Any CPU.Build.0 = Release|Any CPU
		{5C8CA980-6BDA-4611-AA7D-FCC91B6EA292}.Debug|Any CPU.ActiveCfg = Debug|Any CPU
		{5C8CA980-6BDA-4611-AA7D-FCC91B6EA292}.Debug|Any CPU.Build.0 = Debug|Any CPU
		{5C8CA980-6BDA-4611-AA7D-FCC91B6EA292}.Release|Any CPU.ActiveCfg = Release|Any CPU
		{5C8CA980-6BDA-4611-AA7D-FCC91B6EA292}.Release|Any CPU.Build.0 = Release|Any CPU
		{5B95C824-604C-46D6-BFB2-D185E38B9D87}.Debug|Any CPU.ActiveCfg = Debug|Any CPU
		{5B95C824-604C-46D6-BFB2-D185E38B9D87}.Debug|Any CPU.Build.0 = Debug|Any CPU
		{5B95C824-604C-46D6-BFB2-D185E38B9D87}.Release|Any CPU.ActiveCfg = Release|Any CPU
		{5B95C824-604C-46D6-BFB2-D185E38B9D87}.Release|Any CPU.Build.0 = Release|Any CPU
		{1558F94E-5F6E-465E-B3DF-BE316616F200}.Debug|Any CPU.ActiveCfg = Debug|Any CPU
		{1558F94E-5F6E-465E-B3DF-BE316616F200}.Debug|Any CPU.Build.0 = Debug|Any CPU
		{1558F94E-5F6E-465E-B3DF-BE316616F200}.Release|Any CPU.ActiveCfg = Release|Any CPU
		{1558F94E-5F6E-465E-B3DF-BE316616F200}.Release|Any CPU.Build.0 = Release|Any CPU
		{84561B73-8AA0-480E-B49E-55609A9E6F7A}.Debug|Any CPU.ActiveCfg = Debug|Any CPU
		{84561B73-8AA0-480E-B49E-55609A9E6F7A}.Debug|Any CPU.Build.0 = Debug|Any CPU
		{84561B73-8AA0-480E-B49E-55609A9E6F7A}.Release|Any CPU.ActiveCfg = Release|Any CPU
		{84561B73-8AA0-480E-B49E-55609A9E6F7A}.Release|Any CPU.Build.0 = Release|Any CPU
		{24673748-79F9-4E7E-AC51-36DDD5B7AD25}.Debug|Any CPU.ActiveCfg = Debug|Any CPU
		{24673748-79F9-4E7E-AC51-36DDD5B7AD25}.Debug|Any CPU.Build.0 = Debug|Any CPU
		{24673748-79F9-4E7E-AC51-36DDD5B7AD25}.Release|Any CPU.ActiveCfg = Release|Any CPU
		{24673748-79F9-4E7E-AC51-36DDD5B7AD25}.Release|Any CPU.Build.0 = Release|Any CPU
		{DDA28E36-408A-4576-8AB5-60A2816A3B35}.Debug|Any CPU.ActiveCfg = Debug|Any CPU
		{DDA28E36-408A-4576-8AB5-60A2816A3B35}.Debug|Any CPU.Build.0 = Debug|Any CPU
		{DDA28E36-408A-4576-8AB5-60A2816A3B35}.Release|Any CPU.ActiveCfg = Release|Any CPU
		{DDA28E36-408A-4576-8AB5-60A2816A3B35}.Release|Any CPU.Build.0 = Release|Any CPU
		{4964612C-B1F4-439A-9BF7-B7E925232F65}.Debug|Any CPU.ActiveCfg = Debug|Any CPU
		{4964612C-B1F4-439A-9BF7-B7E925232F65}.Debug|Any CPU.Build.0 = Debug|Any CPU
		{4964612C-B1F4-439A-9BF7-B7E925232F65}.Release|Any CPU.ActiveCfg = Release|Any CPU
		{4964612C-B1F4-439A-9BF7-B7E925232F65}.Release|Any CPU.Build.0 = Release|Any CPU
		{AF0BA737-A279-47A2-880C-EF33E0EDA40E}.Debug|Any CPU.ActiveCfg = Debug|Any CPU
		{AF0BA737-A279-47A2-880C-EF33E0EDA40E}.Debug|Any CPU.Build.0 = Debug|Any CPU
		{AF0BA737-A279-47A2-880C-EF33E0EDA40E}.Release|Any CPU.ActiveCfg = Release|Any CPU
		{AF0BA737-A279-47A2-880C-EF33E0EDA40E}.Release|Any CPU.Build.0 = Release|Any CPU
	EndGlobalSection
	GlobalSection(SolutionProperties) = preSolution
		HideSolutionNode = FALSE
	EndGlobalSection
	GlobalSection(NestedProjects) = preSolution
		{8411FFD6-71AC-4C9B-8B33-F3250FA0CDD6} = {F4998284-F953-47B7-BC7B-6BAD2D1A9E16}
		{7B76C9C6-9E6D-48D0-881A-711655CF29C0} = {AA54ED41-4A71-4F98-8ADF-2E70FE7204F5}
		{5C8CA980-6BDA-4611-AA7D-FCC91B6EA292} = {AA54ED41-4A71-4F98-8ADF-2E70FE7204F5}
		{5B95C824-604C-46D6-BFB2-D185E38B9D87} = {AA54ED41-4A71-4F98-8ADF-2E70FE7204F5}
		{1558F94E-5F6E-465E-B3DF-BE316616F200} = {AA54ED41-4A71-4F98-8ADF-2E70FE7204F5}
		{84561B73-8AA0-480E-B49E-55609A9E6F7A} = {AA54ED41-4A71-4F98-8ADF-2E70FE7204F5}
		{24673748-79F9-4E7E-AC51-36DDD5B7AD25} = {AA54ED41-4A71-4F98-8ADF-2E70FE7204F5}
		{DDA28E36-408A-4576-8AB5-60A2816A3B35} = {3F63B4F7-C0FF-4E7D-BA00-1135EAD35AC6}
		{4964612C-B1F4-439A-9BF7-B7E925232F65} = {EA0B2759-22BF-4F8C-A581-0F60BA29F594}
	EndGlobalSection
	GlobalSection(ExtensibilityGlobals) = postSolution
		SolutionGuid = {427E8FD5-6FB1-420E-892E-0F57FBEB755F}
	EndGlobalSection
EndGlobal
